
Microsoft Visual Studio Solution File, Format Version 12.00
# Visual Studio Version 17
VisualStudioVersion = 17.5.33516.290
MinimumVisualStudioVersion = 10.0.40219.1
Project("{9A19103F-16F7-4668-BE54-9A1E7A4F7556}") = "test", "test.csproj", "{8DE8B55F-FCBC-40AD-B917-1A5B485F77D4}"
EndProject
Global
	GlobalSection(SolutionConfigurationPlatforms) = preSolution
		Debug|Any CPU = Debug|Any CPU
		Release|Any CPU = Release|Any CPU
	EndGlobalSection
	GlobalSection(ProjectConfigurationPlatforms) = postSolution
		{8DE8B55F-FCBC-40AD-B917-1A5B485F77D4}.Debug|Any CPU.ActiveCfg = Debug|Any CPU
		{8DE8B55F-FCBC-40AD-B917-1A5B485F77D4}.Debug|Any CPU.Build.0 = Debug|Any CPU
		{8DE8B55F-FCBC-40AD-B917-1A5B485F77D4}.Release|Any CPU.ActiveCfg = Release|Any CPU
		{8DE8B55F-FCBC-40AD-B917-1A5B485F77D4}.Release|Any CPU.Build.0 = Release|Any CPU
	EndGlobalSection
	GlobalSection(SolutionProperties) = preSolution
		HideSolutionNode = FALSE
	EndGlobalSection
	GlobalSection(ExtensibilityGlobals) = postSolution
		SolutionGuid = {7810FF29-EB9E-44FA-B695-719A7A1DAE52}
	EndGlobalSection
EndGlobal
